PODS:
  - device_info_plus (0.0.1):
    - Flutter
  - Flutter (1.0.0)
  - integration_test (0.0.1):
    - Flutter
  - MockReaderUI (2.2.3)
  - permission_handler_apple (9.3.0):
    - Flutter
  - square_mobile_payments_sdk (0.0.2):
    - Flutter
    - MockReaderUI (~> 2.2.3)
    - SquareMobilePaymentsSDK (~> 2.2.3)
  - SquareMobilePaymentsSDK (2.2.3)

DEPENDENCIES:
  - device_info_plus (from `.symlinks/plugins/device_info_plus/ios`)
  - Flutter (from `Flutter`)
  - integration_test (from `.symlinks/plugins/integration_test/ios`)
  - permission_handler_apple (from `.symlinks/plugins/permission_handler_apple/ios`)
  - square_mobile_payments_sdk (from `.symlinks/plugins/square_mobile_payments_sdk/ios`)

SPEC REPOS:
  trunk:
    - MockReaderUI
    - SquareMobilePaymentsSDK

EXTERNAL SOURCES:
  device_info_plus:
    :path: ".symlinks/plugins/device_info_plus/ios"
  Flutter:
    :path: Flutter
  integration_test:
    :path: ".symlinks/plugins/integration_test/ios"
  permission_handler_apple:
    :path: ".symlinks/plugins/permission_handler_apple/ios"
  square_mobile_payments_sdk:
    :path: ".symlinks/plugins/square_mobile_payments_sdk/ios"

SPEC CHECKSUMS:
  device_info_plus: 21fcca2080fbcd348be798aa36c3e5ed849eefbe
  Flutter: e0871f40cf51350855a761d2e70bf5af5b9b5de7
  integration_test: 4a889634ef21a45d28d50d622cf412dc6d9f586e
  MockReaderUI: d88d35cb4926b38425c2ba9fa3ef11a4aaf39f21
  permission_handler_apple: 4ed2196e43d0651e8ff7ca3483a069d469701f2d
  square_mobile_payments_sdk: 241e1151a18c61836df61efddc8b4be91911ec91
  SquareMobilePaymentsSDK: 698333088d7200bba3e7991121ba245112390651

PODFILE CHECKSUM: 40b3d892218f5282302711fd5815e53c97476e73

COCOAPODS: 1.16.2
