PODS:
  - Flutter (1.0.0)
  - MockReaderUI (2.6.0)
  - square_mobile_payments_sdk (0.0.2):
    - Flutter
    - MockReaderUI (~> 2.6.0)
    - SquareMobilePaymentsSDK (~> 2.6.0)
  - SquareMobilePaymentsSDK (2.6.0)

DEPENDENCIES:
  - Flutter (from `Flutter`)
  - square_mobile_payments_sdk (from `.symlinks/plugins/square_mobile_payments_sdk/ios`)

SPEC REPOS:
  trunk:
    - MockReaderUI
    - SquareMobilePaymentsSDK

EXTERNAL SOURCES:
  Flutter:
    :path: Flutter
  square_mobile_payments_sdk:
    :path: ".symlinks/plugins/square_mobile_payments_sdk/ios"

SPEC CHECKSUMS:
  Flutter: cabc95a1d2626b1b06e7179b784ebcf0c0cde467
  MockReaderUI: f920dd06eaa41846b5c033da4bc01993b5ad4e50
  square_mobile_payments_sdk: a112453b1feb62818e30e6f0ffe1c1fdd3e6370a
  SquareMobilePaymentsSDK: 7fd3fd8f9c3b114d5a0e747bc52120a6edd87c4b

PODFILE CHECKSUM: 40b3d892218f5282302711fd5815e53c97476e73

COCOAPODS: 1.16.2
